// !$*UTF8*$!
{
	archiveVersion = 1;
	classes = {
	};
	objectVersion = 56;
	objects = {

/* Begin PBXBuildFile section */
		101AB1AA292F35970042EF9B /* AppDelegate.swift in Sources */ = {isa = PBXBuildFile; fileRef = 101AB1A9292F35970042EF9B /* AppDelegate.swift */; };
		101AB1AC292F35970042EF9B /* SceneDelegate.swift in Sources */ = {isa = PBXBuildFile; fileRef = 101AB1AB292F35970042EF9B /* SceneDelegate.swift */; };
		101AB1AE292F35970042EF9B /* ViewController.swift in Sources */ = {isa = PBXBuildFile; fileRef = 101AB1AD292F35970042EF9B /* ViewController.swift */; };
		101AB1B1292F35970042EF9B /* Main.storyboard in Resources */ = {isa = PBXBuildFile; fileRef = 101AB1AF292F35970042EF9B /* Main.storyboard */; };
		101AB1B3292F35980042EF9B /* Assets.xcassets in Resources */ = {isa = PBXBuildFile; fileRef = 101AB1B2292F35980042EF9B /* Assets.xcassets */; };
		101AB1B6292F35980042EF9B /* LaunchScreen.storyboard in Resources */ = {isa = PBXBuildFile; fileRef = 101AB1B4292F35980042EF9B /* LaunchScreen.storyboard */; };
		1073BB9D29A689FB001CADC3 /* Algorithms in Frameworks */ = {isa = PBXBuildFile; productRef = 1073BB9C29A689FB001CADC3 /* Algorithms */; };
		107E2FF5292F3B160068F9D6 /* R.generated.swift in Sources */ = {isa = PBXBuildFile; fileRef = 107E2FF4292F3B160068F9D6 /* R.generated.swift */; };
		107E2FFD292F3F510068F9D6 /* MainBackGround.json in Resources */ = {isa = PBXBuildFile; fileRef = 107E2FFC292F3F510068F9D6 /* MainBackGround.json */; };
		107E3000292F3FC20068F9D6 /* MainBackGround.xib in Resources */ = {isa = PBXBuildFile; fileRef = 107E2FFE292F3FC20068F9D6 /* MainBackGround.xib */; };
		107E3001292F3FC20068F9D6 /* MainBackGroundView.swift in Sources */ = {isa = PBXBuildFile; fileRef = 107E2FFF292F3FC20068F9D6 /* MainBackGroundView.swift */; };
		107E3014292F44730068F9D6 /* MenuListStoryboard.storyboard in Resources */ = {isa = PBXBuildFile; fileRef = 107E3013292F44730068F9D6 /* MenuListStoryboard.storyboard */; };
		107E301D292F44C00068F9D6 /* menuListConfiguration.swift in Sources */ = {isa = PBXBuildFile; fileRef = 107E3015292F44C00068F9D6 /* menuListConfiguration.swift */; };
		107E301E292F44C00068F9D6 /* menuListPresenter.swift in Sources */ = {isa = PBXBuildFile; fileRef = 107E3016292F44C00068F9D6 /* menuListPresenter.swift */; };
		107E301F292F44C00068F9D6 /* menuListWorker.swift in Sources */ = {isa = PBXBuildFile; fileRef = 107E3017292F44C00068F9D6 /* menuListWorker.swift */; };
		107E3020292F44C00068F9D6 /* menuListRouter.swift in Sources */ = {isa = PBXBuildFile; fileRef = 107E3018292F44C00068F9D6 /* menuListRouter.swift */; };
		107E3021292F44C00068F9D6 /* menuListModels.swift in Sources */ = {isa = PBXBuildFile; fileRef = 107E3019292F44C00068F9D6 /* menuListModels.swift */; };
		107E3022292F44C00068F9D6 /* menuListViewController.swift in Sources */ = {isa = PBXBuildFile; fileRef = 107E301A292F44C00068F9D6 /* menuListViewController.swift */; };
		107E3023292F44C00068F9D6 /* menuListInteractor.swift in Sources */ = {isa = PBXBuildFile; fileRef = 107E301B292F44C00068F9D6 /* menuListInteractor.swift */; };
		107E3024292F44C00068F9D6 /* menuListProtocol.swift in Sources */ = {isa = PBXBuildFile; fileRef = 107E301C292F44C00068F9D6 /* menuListProtocol.swift */; };
		10FB3EF82A1F360600F64AA5 /* Instructions in Frameworks */ = {isa = PBXBuildFile; productRef = 10FB3EF72A1F360600F64AA5 /* Instructions */; };
		6FED2EAAE778179C03CA1C07 /* Pods_GoldenRabbitLand.framework in Frameworks */ = {isa = PBXBuildFile; fileRef = BB7F983693227B3586D42634 /* Pods_GoldenRabbitLand.framework */; };
/* End PBXBuildFile section */

/* Begin PBXFileReference section */
		0CCC85DA905F1EBFE6C55EC6 /* Pods-GoldenRabbitLand.debug.xcconfig */ = {isa = PBXFileReference; includeInIndex = 1; lastKnownFileType = text.xcconfig; name = "Pods-GoldenRabbitLand.debug.xcconfig"; path = "Target Support Files/Pods-GoldenRabbitLand/Pods-GoldenRabbitLand.debug.xcconfig"; sourceTree = "<group>"; };
		101AB1A6292F35970042EF9B /* GoldenRabbitLand.app */ = {isa = PBXFileReference; explicitFileType = wrapper.application; includeInIndex = 0; path = GoldenRabbitLand.app; sourceTree = BUILT_PRODUCTS_DIR; };
		101AB1A9292F35970042EF9B /* AppDelegate.swift */ = {isa = PBXFileReference; lastKnownFileType = sourcecode.swift; path = AppDelegate.swift; sourceTree = "<group>"; };
		101AB1AB292F35970042EF9B /* SceneDelegate.swift */ = {isa = PBXFileReference; lastKnownFileType = sourcecode.swift; path = SceneDelegate.swift; sourceTree = "<group>"; };
		101AB1AD292F35970042EF9B /* ViewController.swift */ = {isa = PBXFileReference; lastKnownFileType = sourcecode.swift; path = ViewController.swift; sourceTree = "<group>"; };
		101AB1B0292F35970042EF9B /* Base */ = {isa = PBXFileReference; lastKnownFileType = file.storyboard; name = Base; path = Base.lproj/Main.storyboard; sourceTree = "<group>"; };
		101AB1B2292F35980042EF9B /* Assets.xcassets */ = {isa = PBXFileReference; lastKnownFileType = folder.assetcatalog; path = Assets.xcassets; sourceTree = "<group>"; };
		101AB1B5292F35980042EF9B /* Base */ = {isa = PBXFileReference; lastKnownFileType = file.storyboard; name = Base; path = Base.lproj/LaunchScreen.storyboard; sourceTree = "<group>"; };
		101AB1B7292F35980042EF9B /* Info.plist */ = {isa = PBXFileReference; lastKnownFileType = text.plist.xml; path = Info.plist; sourceTree = "<group>"; };
		107E2FF4292F3B160068F9D6 /* R.generated.swift */ = {isa = PBXFileReference; fileEncoding = 4; lastKnownFileType = sourcecode.swift; path = R.generated.swift; sourceTree = "<group>"; };
		107E2FFC292F3F510068F9D6 /* MainBackGround.json */ = {isa = PBXFileReference; fileEncoding = 4; lastKnownFileType = text.json; path = MainBackGround.json; sourceTree = "<group>"; };
		107E2FFE292F3FC20068F9D6 /* MainBackGround.xib */ = {isa = PBXFileReference; fileEncoding = 4; lastKnownFileType = file.xib; path = MainBackGround.xib; sourceTree = "<group>"; };
		107E2FFF292F3FC20068F9D6 /* MainBackGroundView.swift */ = {isa = PBXFileReference; fileEncoding = 4; lastKnownFileType = sourcecode.swift; path = MainBackGroundView.swift; sourceTree = "<group>"; };
		107E3013292F44730068F9D6 /* MenuListStoryboard.storyboard */ = {isa = PBXFileReference; lastKnownFileType = file.storyboard; path = MenuListStoryboard.storyboard; sourceTree = "<group>"; };
		107E3015292F44C00068F9D6 /* menuListConfiguration.swift */ = {isa = PBXFileReference; lastKnownFileType = sourcecode.swift; path = menuListConfiguration.swift; sourceTree = "<group>"; };
		107E3016292F44C00068F9D6 /* menuListPresenter.swift */ = {isa = PBXFileReference; lastKnownFileType = sourcecode.swift; path = menuListPresenter.swift; sourceTree = "<group>"; };
		107E3017292F44C00068F9D6 /* menuListWorker.swift */ = {isa = PBXFileReference; lastKnownFileType = sourcecode.swift; path = menuListWorker.swift; sourceTree = "<group>"; };
		107E3018292F44C00068F9D6 /* menuListRouter.swift */ = {isa = PBXFileReference; lastKnownFileType = sourcecode.swift; path = menuListRouter.swift; sourceTree = "<group>"; };
		107E3019292F44C00068F9D6 /* menuListModels.swift */ = {isa = PBXFileReference; lastKnownFileType = sourcecode.swift; path = menuListModels.swift; sourceTree = "<group>"; };
		107E301A292F44C00068F9D6 /* menuListViewController.swift */ = {isa = PBXFileReference; lastKnownFileType = sourcecode.swift; path = menuListViewController.swift; sourceTree = "<group>"; };
		107E301B292F44C00068F9D6 /* menuListInteractor.swift */ = {isa = PBXFileReference; lastKnownFileType = sourcecode.swift; path = menuListInteractor.swift; sourceTree = "<group>"; };
		107E301C292F44C00068F9D6 /* menuListProtocol.swift */ = {isa = PBXFileReference; lastKnownFileType = sourcecode.swift; path = menuListProtocol.swift; sourceTree = "<group>"; };
		BB7F983693227B3586D42634 /* Pods_GoldenRabbitLand.framework */ = {isa = PBXFileReference; explicitFileType = wrapper.framework; includeInIndex = 0; path = Pods_GoldenRabbitLand.framework; sourceTree = BUILT_PRODUCTS_DIR; };
		E24143259BFB1B318130385F /* Pods-GoldenRabbitLand.release.xcconfig */ = {isa = PBXFileReference; includeInIndex = 1; lastKnownFileType = text.xcconfig; name = "Pods-GoldenRabbitLand.release.xcconfig"; path = "Target Support Files/Pods-GoldenRabbitLand/Pods-GoldenRabbitLand.release.xcconfig"; sourceTree = "<group>"; };
/* End PBXFileReference section */

/* Begin PBXFrameworksBuildPhase section */
		101AB1A3292F35970042EF9B /* Frameworks */ = {
			isa = PBXFrameworksBuildPhase;
			buildActionMask = 2147483647;
			files = (
				1073BB9D29A689FB001CADC3 /* Algorithms in Frameworks */,
				10FB3EF82A1F360600F64AA5 /* Instructions in Frameworks */,
				6FED2EAAE778179C03CA1C07 /* Pods_GoldenRabbitLand.framework in Frameworks */,
			);
			runOnlyForDeploymentPostprocessing = 0;
		};
/* End PBXFrameworksBuildPhase section */

/* Begin PBXGroup section */
		04CFA170420F2F4C18F25877 /* Frameworks */ = {
			isa = PBXGroup;
			children = (
				BB7F983693227B3586D42634 /* Pods_GoldenRabbitLand.framework */,
			);
			name = Frameworks;
			sourceTree = "<group>";
		};
		101AB19D292F35970042EF9B = {
			isa = PBXGroup;
			children = (
				107E2FF4292F3B160068F9D6 /* R.generated.swift */,
				101AB1A8292F35970042EF9B /* GoldenRabbitLand */,
				101AB1A7292F35970042EF9B /* Products */,
				5243E26A5E9DFC86AA99A61E /* Pods */,
				04CFA170420F2F4C18F25877 /* Frameworks */,
			);
			sourceTree = "<group>";
		};
		101AB1A7292F35970042EF9B /* Products */ = {
			isa = PBXGroup;
			children = (
				101AB1A6292F35970042EF9B /* GoldenRabbitLand.app */,
			);
			name = Products;
			sourceTree = "<group>";
		};
		101AB1A8292F35970042EF9B /* GoldenRabbitLand */ = {
			isa = PBXGroup;
			children = (
				101AB1B7292F35980042EF9B /* Info.plist */,
				107E2FF9292F3EF20068F9D6 /* Resourse */,
				107E2FF7292F3EBD0068F9D6 /* Feature */,
			);
			path = GoldenRabbitLand;
			sourceTree = "<group>";
		};
		107E2FF6292F3E760068F9D6 /* Main */ = {
			isa = PBXGroup;
			children = (
				107E2FFE292F3FC20068F9D6 /* MainBackGround.xib */,
				107E2FFF292F3FC20068F9D6 /* MainBackGroundView.swift */,
				101AB1AD292F35970042EF9B /* ViewController.swift */,
				101AB1AF292F35970042EF9B /* Main.storyboard */,
			);
			path = Main;
			sourceTree = "<group>";
		};
		107E2FF7292F3EBD0068F9D6 /* Feature */ = {
			isa = PBXGroup;
			children = (
				107E3002292F44170068F9D6 /* MenuList */,
				107E2FF8292F3ED00068F9D6 /* Starter */,
				107E2FF6292F3E760068F9D6 /* Main */,
			);
			path = Feature;
			sourceTree = "<group>";
		};
		107E2FF8292F3ED00068F9D6 /* Starter */ = {
			isa = PBXGroup;
			children = (
				101AB1A9292F35970042EF9B /* AppDelegate.swift */,
				101AB1AB292F35970042EF9B /* SceneDelegate.swift */,
				101AB1B4292F35980042EF9B /* LaunchScreen.storyboard */,
			);
			path = Starter;
			sourceTree = "<group>";
		};
		107E2FF9292F3EF20068F9D6 /* Resourse */ = {
			isa = PBXGroup;
			children = (
				107E2FFB292F3F510068F9D6 /* Animation */,
				107E2FFA292F3F0C0068F9D6 /* Starter */,
			);
			path = Resourse;
			sourceTree = "<group>";
		};
		107E2FFA292F3F0C0068F9D6 /* Starter */ = {
			isa = PBXGroup;
			children = (
				101AB1B2292F35980042EF9B /* Assets.xcassets */,
			);
			path = Starter;
			sourceTree = "<group>";
		};
		107E2FFB292F3F510068F9D6 /* Animation */ = {
			isa = PBXGroup;
			children = (
				107E2FFC292F3F510068F9D6 /* MainBackGround.json */,
			);
			path = Animation;
			sourceTree = "<group>";
		};
		107E3002292F44170068F9D6 /* MenuList */ = {
			isa = PBXGroup;
			children = (
				107E3013292F44730068F9D6 /* MenuListStoryboard.storyboard */,
				107E3015292F44C00068F9D6 /* menuListConfiguration.swift */,
				107E3016292F44C00068F9D6 /* menuListPresenter.swift */,
				107E3017292F44C00068F9D6 /* menuListWorker.swift */,
				107E3018292F44C00068F9D6 /* menuListRouter.swift */,
				107E3019292F44C00068F9D6 /* menuListModels.swift */,
				107E301A292F44C00068F9D6 /* menuListViewController.swift */,
				107E301B292F44C00068F9D6 /* menuListInteractor.swift */,
				107E301C292F44C00068F9D6 /* menuListProtocol.swift */,
			);
			path = MenuList;
			sourceTree = "<group>";
		};
		5243E26A5E9DFC86AA99A61E /* Pods */ = {
			isa = PBXGroup;
			children = (
				0CCC85DA905F1EBFE6C55EC6 /* Pods-GoldenRabbitLand.debug.xcconfig */,
				E24143259BFB1B318130385F /* Pods-GoldenRabbitLand.release.xcconfig */,
			);
			path = Pods;
			sourceTree = "<group>";
		};
/* End PBXGroup section */

/* Begin PBXNativeTarget section */
		101AB1A5292F35970042EF9B /* GoldenRabbitLand */ = {
			isa = PBXNativeTarget;
			buildConfigurationList = 101AB1BA292F35980042EF9B /* Build configuration list for PBXNativeTarget "GoldenRabbitLand" */;
			buildPhases = (
				C67B1827419A10B411946E1B /* [CP] Check Pods Manifest.lock */,
				107E2FF3292F3AC60068F9D6 /* ShellScript */,
				101AB1A2292F35970042EF9B /* Sources */,
				101AB1A3292F35970042EF9B /* Frameworks */,
				101AB1A4292F35970042EF9B /* Resources */,
				244A190DD9722ED1A1E12F65 /* [CP] Embed Pods Frameworks */,
			);
			buildRules = (
			);
			dependencies = (
			);
			name = GoldenRabbitLand;
			packageProductDependencies = (
				1073BB9C29A689FB001CADC3 /* Algorithms */,
				10FB3EF72A1F360600F64AA5 /* Instructions */,
			);
			productName = GoldenRabbitLand;
			productReference = 101AB1A6292F35970042EF9B /* GoldenRabbitLand.app */;
			productType = "com.apple.product-type.application";
		};
/* End PBXNativeTarget section */

/* Begin PBXProject section */
		101AB19E292F35970042EF9B /* Project object */ = {
			isa = PBXProject;
			attributes = {
				BuildIndependentTargetsInParallel = 1;
				LastSwiftUpdateCheck = 1410;
				LastUpgradeCheck = 1410;
				TargetAttributes = {
					101AB1A5292F35970042EF9B = {
						CreatedOnToolsVersion = 14.1;
					};
				};
			};
			buildConfigurationList = 101AB1A1292F35970042EF9B /* Build configuration list for PBXProject "GoldenRabbitLand" */;
			compatibilityVersion = "Xcode 14.0";
			developmentRegion = en;
			hasScannedForEncodings = 0;
			knownRegions = (
				en,
				Base,
			);
			mainGroup = 101AB19D292F35970042EF9B;
			packageReferences = (
				1073BB9B29A689FB001CADC3 /* XCRemoteSwiftPackageReference "swift-algorithms" */,
				10FB3EF62A1F360600F64AA5 /* XCRemoteSwiftPackageReference "Instructions" */,
			);
			productRefGroup = 101AB1A7292F35970042EF9B /* Products */;
			projectDirPath = "";
			projectRoot = "";
			targets = (
				101AB1A5292F35970042EF9B /* GoldenRabbitLand */,
			);
		};
/* End PBXProject section */

/* Begin PBXResourcesBuildPhase section */
		101AB1A4292F35970042EF9B /* Resources */ = {
			isa = PBXResourcesBuildPhase;
			buildActionMask = 2147483647;
			files = (
				107E2FFD292F3F510068F9D6 /* MainBackGround.json in Resources */,
				101AB1B6292F35980042EF9B /* LaunchScreen.storyboard in Resources */,
				107E3000292F3FC20068F9D6 /* MainBackGround.xib in Resources */,
				101AB1B3292F35980042EF9B /* Assets.xcassets in Resources */,
				107E3014292F44730068F9D6 /* MenuListStoryboard.storyboard in Resources */,
				101AB1B1292F35970042EF9B /* Main.storyboard in Resources */,
			);
			runOnlyForDeploymentPostprocessing = 0;
		};
/* End PBXResourcesBuildPhase section */

/* Begin PBXShellScriptBuildPhase section */
		107E2FF3292F3AC60068F9D6 /* ShellScript */ = {
			isa = PBXShellScriptBuildPhase;
			alwaysOutOfDate = 1;
			buildActionMask = 2147483647;
			files = (
			);
			inputFileListPaths = (
			);
			inputPaths = (
			);
			outputFileListPaths = (
			);
			outputPaths = (
				$SRCROOT/R.generated.swift,
			);
			runOnlyForDeploymentPostprocessing = 0;
			shellPath = /bin/sh;
			shellScript = "\"$PODS_ROOT/R.swift/rswift\" generate \"$SRCROOT/R.generated.swift\"\n";
		};
		244A190DD9722ED1A1E12F65 /* [CP] Embed Pods Frameworks */ = {
			isa = PBXShellScriptBuildPhase;
			buildActionMask = 2147483647;
			files = (
			);
			inputFileListPaths = (
				"${PODS_ROOT}/Target Support Files/Pods-GoldenRabbitLand/Pods-GoldenRabbitLand-frameworks-${CONFIGURATION}-input-files.xcfilelist",
			);
			name = "[CP] Embed Pods Frameworks";
			outputFileListPaths = (
				"${PODS_ROOT}/Target Support Files/Pods-GoldenRabbitLand/Pods-GoldenRabbitLand-frameworks-${CONFIGURATION}-output-files.xcfilelist",
			);
			runOnlyForDeploymentPostprocessing = 0;
			shellPath = /bin/sh;
			shellScript = "\"${PODS_ROOT}/Target Support Files/Pods-GoldenRabbitLand/Pods-GoldenRabbitLand-frameworks.sh\"\n";
			showEnvVarsInLog = 0;
		};
		C67B1827419A10B411946E1B /* [CP] Check Pods Manifest.lock */ = {
			isa = PBXShellScriptBuildPhase;
			buildActionMask = 2147483647;
			files = (
			);
			inputFileListPaths = (
			);
			inputPaths = (
				"${PODS_PODFILE_DIR_PATH}/Podfile.lock",
				"${PODS_ROOT}/Manifest.lock",
			);
			name = "[CP] Check Pods Manifest.lock";
			outputFileListPaths = (
			);
			outputPaths = (
				"$(DERIVED_FILE_DIR)/Pods-GoldenRabbitLand-checkManifestLockResult.txt",
			);
			runOnlyForDeploymentPostprocessing = 0;
			shellPath = /bin/sh;
			shellScript = "diff \"${PODS_PODFILE_DIR_PATH}/Podfile.lock\" \"${PODS_ROOT}/Manifest.lock\" > /dev/null\nif [ $? != 0 ] ; then\n    # print error to STDERR\n    echo \"error: The sandbox is not in sync with the Podfile.lock. Run 'pod install' or update your CocoaPods installation.\" >&2\n    exit 1\nfi\n# This output is used by Xcode 'outputs' to avoid re-running this script phase.\necho \"SUCCESS\" > \"${SCRIPT_OUTPUT_FILE_0}\"\n";
			showEnvVarsInLog = 0;
		};
/* End PBXShellScriptBuildPhase section */

/* Begin PBXSourcesBuildPhase section */
		101AB1A2292F35970042EF9B /* Sources */ = {
			isa = PBXSourcesBuildPhase;
			buildActionMask = 2147483647;
			files = (
				107E301E292F44C00068F9D6 /* menuListPresenter.swift in Sources */,
				107E3020292F44C00068F9D6 /* menuListRouter.swift in Sources */,
				101AB1AE292F35970042EF9B /* ViewController.swift in Sources */,
				107E301F292F44C00068F9D6 /* menuListWorker.swift in Sources */,
				107E3022292F44C00068F9D6 /* menuListViewController.swift in Sources */,
				101AB1AA292F35970042EF9B /* AppDelegate.swift in Sources */,
				101AB1AC292F35970042EF9B /* SceneDelegate.swift in Sources */,
				107E3023292F44C00068F9D6 /* menuListInteractor.swift in Sources */,
				107E3021292F44C00068F9D6 /* menuListModels.swift in Sources */,
				107E2FF5292F3B160068F9D6 /* R.generated.swift in Sources */,
				107E3001292F3FC20068F9D6 /* MainBackGroundView.swift in Sources */,
				107E3024292F44C00068F9D6 /* menuListProtocol.swift in Sources */,
				107E301D292F44C00068F9D6 /* menuListConfiguration.swift in Sources */,
			);
			runOnlyForDeploymentPostprocessing = 0;
		};
/* End PBXSourcesBuildPhase section */

/* Begin PBXVariantGroup section */
		101AB1AF292F35970042EF9B /* Main.storyboard */ = {
			isa = PBXVariantGroup;
			children = (
				101AB1B0292F35970042EF9B /* Base */,
			);
			name = Main.storyboard;
			sourceTree = "<group>";
		};
		101AB1B4292F35980042EF9B /* LaunchScreen.storyboard */ = {
			isa = PBXVariantGroup;
			children = (
				101AB1B5292F35980042EF9B /* Base */,
			);
			name = LaunchScreen.storyboard;
			sourceTree = "<group>";
		};
/* End PBXVariantGroup section */

/* Begin XCBuildConfiguration section */
		101AB1B8292F35980042EF9B /* Debug */ = {
			isa = XCBuildConfiguration;
			buildSettings = {
				ALWAYS_SEARCH_USER_PATHS = NO;
				CLANG_ANALYZER_NONNULL = YES;
				CLANG_ANALYZER_NUMBER_OBJECT_CONVERSION = YES_AGGRESSIVE;
				CLANG_CXX_LANGUAGE_STANDARD = "gnu++20";
				CLANG_ENABLE_MODULES = YES;
				CLANG_ENABLE_OBJC_ARC = YES;
				CLANG_ENABLE_OBJC_WEAK = YES;
				CLANG_WARN_BLOCK_CAPTURE_AUTORELEASING = YES;
				CLANG_WARN_BOOL_CONVERSION = YES;
				CLANG_WARN_COMMA = YES;
				CLANG_WARN_CONSTANT_CONVERSION = YES;
				CLANG_WARN_DEPRECATED_OBJC_IMPLEMENTATIONS = YES;
				CLANG_WARN_DIRECT_OBJC_ISA_USAGE = YES_ERROR;
				CLANG_WARN_DOCUMENTATION_COMMENTS = YES;
				CLANG_WARN_EMPTY_BODY = YES;
				CLANG_WARN_ENUM_CONVERSION = YES;
				CLANG_WARN_INFINITE_RECURSION = YES;
				CLANG_WARN_INT_CONVERSION = YES;
				CLANG_WARN_NON_LITERAL_NULL_CONVERSION = YES;
				CLANG_WARN_OBJC_IMPLICIT_RETAIN_SELF = YES;
				CLANG_WARN_OBJC_LITERAL_CONVERSION = YES;
				CLANG_WARN_OBJC_ROOT_CLASS = YES_ERROR;
				CLANG_WARN_QUOTED_INCLUDE_IN_FRAMEWORK_HEADER = YES;
				CLANG_WARN_RANGE_LOOP_ANALYSIS = YES;
				CLANG_WARN_STRICT_PROTOTYPES = YES;
				CLANG_WARN_SUSPICIOUS_MOVE = YES;
				CLANG_WARN_UNGUARDED_AVAILABILITY = YES_AGGRESSIVE;
				CLANG_WARN_UNREACHABLE_CODE = YES;
				CLANG_WARN__DUPLICATE_METHOD_MATCH = YES;
				COPY_PHASE_STRIP = NO;
				DEBUG_INFORMATION_FORMAT = dwarf;
				ENABLE_STRICT_OBJC_MSGSEND = YES;
				ENABLE_TESTABILITY = YES;
				GCC_C_LANGUAGE_STANDARD = gnu11;
				GCC_DYNAMIC_NO_PIC = NO;
				GCC_NO_COMMON_BLOCKS = YES;
				GCC_OPTIMIZATION_LEVEL = 0;
				GCC_PREPROCESSOR_DEFINITIONS = (
					"DEBUG=1",
					"$(inherited)",
				);
				GCC_WARN_64_TO_32_BIT_CONVERSION = YES;
				GCC_WARN_ABOUT_RETURN_TYPE = YES_ERROR;
				GCC_WARN_UNDECLARED_SELECTOR = YES;
				GCC_WARN_UNINITIALIZED_AUTOS = YES_AGGRESSIVE;
				GCC_WARN_UNUSED_FUNCTION = YES;
				GCC_WARN_UNUSED_VARIABLE = YES;
				IPHONEOS_DEPLOYMENT_TARGET = 16.1;
				MTL_ENABLE_DEBUG_INFO = INCLUDE_SOURCE;
				MTL_FAST_MATH = YES;
				ONLY_ACTIVE_ARCH = YES;
				SDKROOT = iphoneos;
				SWIFT_ACTIVE_COMPILATION_CONDITIONS = DEBUG;
				SWIFT_OPTIMIZATION_LEVEL = "-Onone";
			};
			name = Debug;
		};
		101AB1B9292F35980042EF9B /* Release */ = {
			isa = XCBuildConfiguration;
			buildSettings = {
				ALWAYS_SEARCH_USER_PATHS = NO;
				CLANG_ANALYZER_NONNULL = YES;
				CLANG_ANALYZER_NUMBER_OBJECT_CONVERSION = YES_AGGRESSIVE;
				CLANG_CXX_LANGUAGE_STANDARD = "gnu++20";
				CLANG_ENABLE_MODULES = YES;
				CLANG_ENABLE_OBJC_ARC = YES;
				CLANG_ENABLE_OBJC_WEAK = YES;
				CLANG_WARN_BLOCK_CAPTURE_AUTORELEASING = YES;
				CLANG_WARN_BOOL_CONVERSION = YES;
				CLANG_WARN_COMMA = YES;
				CLANG_WARN_CONSTANT_CONVERSION = YES;
				CLANG_WARN_DEPRECATED_OBJC_IMPLEMENTATIONS = YES;
				CLANG_WARN_DIRECT_OBJC_ISA_USAGE = YES_ERROR;
				CLANG_WARN_DOCUMENTATION_COMMENTS = YES;
				CLANG_WARN_EMPTY_BODY = YES;
				CLANG_WARN_ENUM_CONVERSION = YES;
				CLANG_WARN_INFINITE_RECURSION = YES;
				CLANG_WARN_INT_CONVERSION = YES;
				CLANG_WARN_NON_LITERAL_NULL_CONVERSION = YES;
				CLANG_WARN_OBJC_IMPLICIT_RETAIN_SELF = YES;
				CLANG_WARN_OBJC_LITERAL_CONVERSION = YES;
				CLANG_WARN_OBJC_ROOT_CLASS = YES_ERROR;
				CLANG_WARN_QUOTED_INCLUDE_IN_FRAMEWORK_HEADER = YES;
				CLANG_WARN_RANGE_LOOP_ANALYSIS = YES;
				CLANG_WARN_STRICT_PROTOTYPES = YES;
				CLANG_WARN_SUSPICIOUS_MOVE = YES;
				CLANG_WARN_UNGUARDED_AVAILABILITY = YES_AGGRESSIVE;
				CLANG_WARN_UNREACHABLE_CODE = YES;
				CLANG_WARN__DUPLICATE_METHOD_MATCH = YES;
				COPY_PHASE_STRIP = NO;
				DEBUG_INFORMATION_FORMAT = "dwarf-with-dsym";
				ENABLE_NS_ASSERTIONS = NO;
				ENABLE_STRICT_OBJC_MSGSEND = YES;
				GCC_C_LANGUAGE_STANDARD = gnu11;
				GCC_NO_COMMON_BLOCKS = YES;
				GCC_WARN_64_TO_32_BIT_CONVERSION = YES;
				GCC_WARN_ABOUT_RETURN_TYPE = YES_ERROR;
				GCC_WARN_UNDECLARED_SELECTOR = YES;
				GCC_WARN_UNINITIALIZED_AUTOS = YES_AGGRESSIVE;
				GCC_WARN_UNUSED_FUNCTION = YES;
				GCC_WARN_UNUSED_VARIABLE = YES;
				IPHONEOS_DEPLOYMENT_TARGET = 16.1;
				MTL_ENABLE_DEBUG_INFO = NO;
				MTL_FAST_MATH = YES;
				SDKROOT = iphoneos;
				SWIFT_COMPILATION_MODE = wholemodule;
				SWIFT_OPTIMIZATION_LEVEL = "-O";
				VALIDATE_PRODUCT = YES;
			};
			name = Release;
		};
		101AB1BB292F35980042EF9B /* Debug */ = {
			isa = XCBuildConfiguration;
			baseConfigurationReference = 0CCC85DA905F1EBFE6C55EC6 /* Pods-GoldenRabbitLand.debug.xcconfig */;
			buildSettings = {
				ASSETCATALOG_COMPILER_APPICON_NAME = AppIcon;
				ASSETCATALOG_COMPILER_GLOBAL_ACCENT_COLOR_NAME = AccentColor;
				CODE_SIGN_STYLE = Automatic;
				CURRENT_PROJECT_VERSION = 1;
				DEVELOPMENT_TEAM = WDSR37DJHB;
				GENERATE_INFOPLIST_FILE = YES;
				INFOPLIST_FILE = GoldenRabbitLand/Info.plist;
				INFOPLIST_KEY_UIApplicationSupportsIndirectInputEvents = YES;
				INFOPLIST_KEY_UILaunchStoryboardName = LaunchScreen;
				INFOPLIST_KEY_UIMainStoryboardFile = Main;
				INFOPLIST_KEY_UISupportedInterfaceOrientations_iPad = "UIInterfaceOrientationPortrait UIInterfaceOrientationPortraitUpsideDown UIInterfaceOrientationLandscapeLeft UIInterfaceOrientationLandscapeRight";
				INFOPLIST_KEY_UISupportedInterfaceOrientations_iPhone = "UIInterfaceOrientationPortrait UIInterfaceOrientationLandscapeLeft UIInterfaceOrientationLandscapeRight";
				LD_RUNPATH_SEARCH_PATHS = (
					"$(inherited)",
					"@executable_path/Frameworks",
				);
				MARKETING_VERSION = 1.0;
				PRODUCT_BUNDLE_IDENTIFIER = GoldenRabbitLand.GoldenRabbitLand;
				PRODUCT_NAME = "$(TARGET_NAME)";
				SWIFT_EMIT_LOC_STRINGS = YES;
				SWIFT_VERSION = 5.0;
				TARGETED_DEVICE_FAMILY = "1,2";
			};
			name = Debug;
		};
		101AB1BC292F35980042EF9B /* Release */ = {
			isa = XCBuildConfiguration;
			baseConfigurationReference = E24143259BFB1B318130385F /* Pods-GoldenRabbitLand.release.xcconfig */;
			buildSettings = {
				ASSETCATALOG_COMPILER_APPICON_NAME = AppIcon;
				ASSETCATALOG_COMPILER_GLOBAL_ACCENT_COLOR_NAME = AccentColor;
				CODE_SIGN_STYLE = Automatic;
				CURRENT_PROJECT_VERSION = 1;
				DEVELOPMENT_TEAM = WDSR37DJHB;
				GENERATE_INFOPLIST_FILE = YES;
				INFOPLIST_FILE = GoldenRabbitLand/Info.plist;
				INFOPLIST_KEY_UIApplicationSupportsIndirectInputEvents = YES;
				INFOPLIST_KEY_UILaunchStoryboardName = LaunchScreen;
				INFOPLIST_KEY_UIMainStoryboardFile = Main;
				INFOPLIST_KEY_UISupportedInterfaceOrientations_iPad = "UIInterfaceOrientationPortrait UIInterfaceOrientationPortraitUpsideDown UIInterfaceOrientationLandscapeLeft UIInterfaceOrientationLandscapeRight";
				INFOPLIST_KEY_UISupportedInterfaceOrientations_iPhone = "UIInterfaceOrientationPortrait UIInterfaceOrientationLandscapeLeft UIInterfaceOrientationLandscapeRight";
				LD_RUNPATH_SEARCH_PATHS = (
					"$(inherited)",
					"@executable_path/Frameworks",
				);
				MARKETING_VERSION = 1.0;
				PRODUCT_BUNDLE_IDENTIFIER = GoldenRabbitLand.GoldenRabbitLand;
				PRODUCT_NAME = "$(TARGET_NAME)";
				SWIFT_EMIT_LOC_STRINGS = YES;
				SWIFT_VERSION = 5.0;
				TARGETED_DEVICE_FAMILY = "1,2";
			};
			name = Release;
		};
/* End XCBuildConfiguration section */

/* Begin XCConfigurationList section */
		101AB1A1292F35970042EF9B /* Build configuration list for PBXProject "GoldenRabbitLand" */ = {
			isa = XCConfigurationList;
			buildConfigurations = (
				101AB1B8292F35980042EF9B /* Debug */,
				101AB1B9292F35980042EF9B /* Release */,
			);
			defaultConfigurationIsVisible = 0;
			defaultConfigurationName = Release;
		};
		101AB1BA292F35980042EF9B /* Build configuration list for PBXNativeTarget "GoldenRabbitLand" */ = {
			isa = XCConfigurationList;
			buildConfigurations = (
				101AB1BB292F35980042EF9B /* Debug */,
				101AB1BC292F35980042EF9B /* Release */,
			);
			defaultConfigurationIsVisible = 0;
			defaultConfigurationName = Release;
		};
/* End XCConfigurationList section */

/* Begin XCRemoteSwiftPackageReference section */
		1073BB9B29A689FB001CADC3 /* XCRemoteSwiftPackageReference "swift-algorithms" */ = {
			isa = XCRemoteSwiftPackageReference;
			repositoryURL = "https://github.com/apple/swift-algorithms.git";
			requirement = {
				kind = upToNextMajorVersion;
				minimumVersion = 1.0.0;
			};
		};
		10FB3EF62A1F360600F64AA5 /* XCRemoteSwiftPackageReference "Instructions" */ = {
			isa = XCRemoteSwiftPackageReference;
			repositoryURL = "https://github.com/ephread/Instructions";
			requirement = {
				kind = upToNextMajorVersion;
				minimumVersion = 2.0.0;
			};
		};
/* End XCRemoteSwiftPackageReference section */

/* Begin XCSwiftPackageProductDependency section */
		1073BB9C29A689FB001CADC3 /* Algorithms */ = {
			isa = XCSwiftPackageProductDependency;
			package = 1073BB9B29A689FB001CADC3 /* XCRemoteSwiftPackageReference "swift-algorithms" */;
			productName = Algorithms;
		};
		10FB3EF72A1F360600F64AA5 /* Instructions */ = {
			isa = XCSwiftPackageProductDependency;
			package = 10FB3EF62A1F360600F64AA5 /* XCRemoteSwiftPackageReference "Instructions" */;
			productName = Instructions;
		};
/* End XCSwiftPackageProductDependency section */
	};
	rootObject = 101AB19E292F35970042EF9B /* Project object */;
}
